{
  "name": "html",
  "lockfileVersion": 2,
  "requires": true,
  "packages": {
    "": {
      "dependencies": {
        "@fonticonpicker/fonticonpicker": "^3.1.1",
        "jquery": "^1.12.4"
      }
    },
    "node_modules/@fonticonpicker/fonticonpicker": {
      "version": "3.1.1",
      "resolved": "https://registry.npmjs.org/@fonticonpicker/fonticonpicker/-/fonticonpicker-3.1.1.tgz",
      "integrity": "sha512-UJiBjng4UpOlUC6R5RQY7BWxO1zd2wf9D2yF8XNzI0n8PqbovEoIbfa2BnTtQaxELikp3rH7giwxTbD04lDWhQ==",
      "engines": {
        "node": ">=8.0.0",
        "npm": ">= 5.0.0"
      },
      "peerDependencies": {
        "jquery": ">=1.12.4"
      }
    },
    "node_modules/jquery": {
      "version": "1.12.4",
      "resolved": "https://registry.npmjs.org/jquery/-/jquery-1.12.4.tgz",
      "integrity": "sha512-UEVp7PPK9xXYSk8xqXCJrkXnKZtlgWkd2GsAQbMRFK6S/ePU2JN5G2Zum8hIVjzR3CpdfSqdqAzId/xd4TJHeg=="
    }
  },
  "dependencies": {
    "@fonticonpicker/fonticonpicker": {
      "version": "3.1.1",
      "resolved": "https://registry.npmjs.org/@fonticonpicker/fonticonpicker/-/fonticonpicker-3.1.1.tgz",
      "integrity": "sha512-UJiBjng4UpOlUC6R5RQY7BWxO1zd2wf9D2yF8XNzI0n8PqbovEoIbfa2BnTtQaxELikp3rH7giwxTbD04lDWhQ==",
      "requires": {}
    },
    "jquery": {
      "version": "1.12.4",
      "resolved": "https://registry.npmjs.org/jquery/-/jquery-1.12.4.tgz",
      "integrity": "sha512-UEVp7PPK9xXYSk8xqXCJrkXnKZtlgWkd2GsAQbMRFK6S/ePU2JN5G2Zum8hIVjzR3CpdfSqdqAzId/xd4TJHeg=="
    }
  }
}
